
Microsoft Visual Studio Solution File, Format Version 12.00
# Visual Studio Version 16
VisualStudioVersion = 16.0.30413.136
MinimumVisualStudioVersion = 10.0.40219.1
Project("{FAE04EC0-301F-11D3-BF4B-00C04F79EFBC}") = "bioeliteVertApi", "bioeliteVertApi\bioeliteVertApi.csproj", "{300E7583-C244-4A2A-A06A-F30CF0B99255}"
EndProject
Global
	GlobalSection(SolutionConfigurationPlatforms) = preSolution
		Debug|Any CPU = Debug|Any CPU
		Release|Any CPU = Release|Any CPU
	EndGlobalSection
	GlobalSection(ProjectConfigurationPlatforms) = postSolution
		{300E7583-C244-4A2A-A06A-F30CF0B99255}.Debug|Any CPU.ActiveCfg = Debug|Any CPU
		{300E7583-C244-4A2A-A06A-F30CF0B99255}.Debug|Any CPU.Build.0 = Debug|Any CPU
		{300E7583-C244-4A2A-A06A-F30CF0B99255}.Release|Any CPU.ActiveCfg = Release|Any CPU
		{300E7583-C244-4A2A-A06A-F30CF0B99255}.Release|Any CPU.Build.0 = Release|Any CPU
	EndGlobalSection
	GlobalSection(SolutionProperties) = preSolution
		HideSolutionNode = FALSE
	EndGlobalSection
	GlobalSection(ExtensibilityGlobals) = postSolution
		SolutionGuid = {97B43C08-3C4A-4417-88F6-78AED4B25D97}
	EndGlobalSection
EndGlobal
